
Microsoft Visual Studio Solution File, Format Version 12.00
# Visual Studio Version 17
VisualStudioVersion = 17.8.34330.188
MinimumVisualStudioVersion = 10.0.40219.1
Project("{9A19103F-16F7-4668-BE54-9A1E7A4F7556}") = "API", "src\API\API.csproj", "{975C8717-1DE1-4BDC-B6C4-63C9F17D3C92}"
EndProject
Project("{9A19103F-16F7-4668-BE54-9A1E7A4F7556}") = "Mini_Core_Banking_Project.UnitTests", "Mini_Core_Banking_Project.Test\Mini_Core_Banking_Project.UnitTests.csproj", "{D1AE4F07-C4F0-4B39-9574-2FD36E86ABE6}"
EndProject
Project("{9A19103F-16F7-4668-BE54-9A1E7A4F7556}") = "Domain", "src\Domain\Domain.csproj", "{7A737F83-E072-4AAD-A969-36CC99C9ED7C}"
EndProject
Project("{9A19103F-16F7-4668-BE54-9A1E7A4F7556}") = "Application", "src\Application\Application.csproj", "{C6F26412-3207-4D51-8BA5-C5B2C2A4E8C3}"
EndProject
Project("{9A19103F-16F7-4668-BE54-9A1E7A4F7556}") = "Infrastructure", "src\Infrastructure\Infrastructure.csproj", "{F8C6E7A8-4AFA-4887-9982-79F0F4FA29B6}"
EndProject
Project("{2150E333-8FDC-42A3-9474-1A3956D46DE8}") = "src", "src", "{C39E36A4-2BAC-443B-908B-195E2AE2B7FB}"
EndProject
Global
	GlobalSection(SolutionConfigurationPlatforms) = preSolution
		Debug|Any CPU = Debug|Any CPU
		Release|Any CPU = Release|Any CPU
	EndGlobalSection
	GlobalSection(ProjectConfigurationPlatforms) = postSolution
		{975C8717-1DE1-4BDC-B6C4-63C9F17D3C92}.Debug|Any CPU.ActiveCfg = Debug|Any CPU
		{975C8717-1DE1-4BDC-B6C4-63C9F17D3C92}.Debug|Any CPU.Build.0 = Debug|Any CPU
		{975C8717-1DE1-4BDC-B6C4-63C9F17D3C92}.Release|Any CPU.ActiveCfg = Release|Any CPU
		{975C8717-1DE1-4BDC-B6C4-63C9F17D3C92}.Release|Any CPU.Build.0 = Release|Any CPU
		{D1AE4F07-C4F0-4B39-9574-2FD36E86ABE6}.Debug|Any CPU.ActiveCfg = Debug|Any CPU
		{D1AE4F07-C4F0-4B39-9574-2FD36E86ABE6}.Debug|Any CPU.Build.0 = Debug|Any CPU
		{D1AE4F07-C4F0-4B39-9574-2FD36E86ABE6}.Release|Any CPU.ActiveCfg = Release|Any CPU
		{D1AE4F07-C4F0-4B39-9574-2FD36E86ABE6}.Release|Any CPU.Build.0 = Release|Any CPU
		{7A737F83-E072-4AAD-A969-36CC99C9ED7C}.Debug|Any CPU.ActiveCfg = Debug|Any CPU
		{7A737F83-E072-4AAD-A969-36CC99C9ED7C}.Debug|Any CPU.Build.0 = Debug|Any CPU
		{7A737F83-E072-4AAD-A969-36CC99C9ED7C}.Release|Any CPU.ActiveCfg = Release|Any CPU
		{7A737F83-E072-4AAD-A969-36CC99C9ED7C}.Release|Any CPU.Build.0 = Release|Any CPU
		{C6F26412-3207-4D51-8BA5-C5B2C2A4E8C3}.Debug|Any CPU.ActiveCfg = Debug|Any CPU
		{C6F26412-3207-4D51-8BA5-C5B2C2A4E8C3}.Debug|Any CPU.Build.0 = Debug|Any CPU
		{C6F26412-3207-4D51-8BA5-C5B2C2A4E8C3}.Release|Any CPU.ActiveCfg = Release|Any CPU
		{C6F26412-3207-4D51-8BA5-C5B2C2A4E8C3}.Release|Any CPU.Build.0 = Release|Any CPU
		{F8C6E7A8-4AFA-4887-9982-79F0F4FA29B6}.Debug|Any CPU.ActiveCfg = Debug|Any CPU
		{F8C6E7A8-4AFA-4887-9982-79F0F4FA29B6}.Debug|Any CPU.Build.0 = Debug|Any CPU
		{F8C6E7A8-4AFA-4887-9982-79F0F4FA29B6}.Release|Any CPU.ActiveCfg = Release|Any CPU
		{F8C6E7A8-4AFA-4887-9982-79F0F4FA29B6}.Release|Any CPU.Build.0 = Release|Any CPU
	EndGlobalSection
	GlobalSection(SolutionProperties) = preSolution
		HideSolutionNode = FALSE
	EndGlobalSection
	GlobalSection(NestedProjects) = preSolution
		{975C8717-1DE1-4BDC-B6C4-63C9F17D3C92} = {C39E36A4-2BAC-443B-908B-195E2AE2B7FB}
		{7A737F83-E072-4AAD-A969-36CC99C9ED7C} = {C39E36A4-2BAC-443B-908B-195E2AE2B7FB}
		{C6F26412-3207-4D51-8BA5-C5B2C2A4E8C3} = {C39E36A4-2BAC-443B-908B-195E2AE2B7FB}
		{F8C6E7A8-4AFA-4887-9982-79F0F4FA29B6} = {C39E36A4-2BAC-443B-908B-195E2AE2B7FB}
	EndGlobalSection
	GlobalSection(ExtensibilityGlobals) = postSolution
		SolutionGuid = {480E5BA8-A0A9-457C-8170-5B7A3DC3963E}
	EndGlobalSection
EndGlobal
